{
  "name": "@freesignal/protocol",
  "version": "0.10.1",
  "lockfileVersion": 3,
  "requires": true,
  "packages": {
    "": {
      "name": "@freesignal/protocol",
      "version": "0.10.1",
      "license": "GPL-3.0-or-later",
      "dependencies": {
        "@freesignal/crypto": "^0.10.1",
        "@freesignal/interfaces": "^0.10.0",
        "easyemitter.ts": "^1.2.0"
      },
      "devDependencies": {
        "@types/node": "^24.2.1"
      }
    },
    "node_modules/@freesignal/crypto": {
      "version": "0.10.1",
      "resolved": "https://registry.npmjs.org/@freesignal/crypto/-/crypto-0.10.1.tgz",
      "integrity": "sha512-y7xaoG9TBv/9QWP3FjFY4QI2OxI/LqpZRkeGAXchUQY7P2t1/TAB6h1V5uTXqS7Ls2GTzobR+U21GH56s5lK7g==",
      "license": "GPL-3.0-or-later",
      "dependencies": {
        "@freesignal/interfaces": "^0.10.0",
        "@msgpack/msgpack": "^3.1.3",
        "libsodium-wrappers": "^0.7.15",
        "uuid": "^13.0.0"
      }
    },
    "node_modules/@freesignal/interfaces": {
      "version": "0.10.0",
      "resolved": "https://registry.npmjs.org/@freesignal/interfaces/-/interfaces-0.10.0.tgz",
      "integrity": "sha512-yllvuIci8PQSMtX70mLc7CV+ZwgbHma8fdUhefQAWPiJ3PrX3z6tqKWuz0qeC17fPEgDIrZtGka03dWMRq1Bog==",
      "license": "GPL-3.0-or-later"
    },
    "node_modules/@msgpack/msgpack": {
      "version": "3.1.3",
      "resolved": "https://registry.npmjs.org/@msgpack/msgpack/-/msgpack-3.1.3.tgz",
      "integrity": "sha512-47XIizs9XZXvuJgoaJUIE2lFoID8ugvc0jzSHP+Ptfk8nTbnR8g788wv48N03Kx0UkAv559HWRQ3yzOgzlRNUA==",
      "license": "ISC",
      "engines": {
        "node": ">= 18"
      }
    },
    "node_modules/@types/node": {
      "version": "24.10.4",
      "resolved": "https://registry.npmjs.org/@types/node/-/node-24.10.4.tgz",
      "integrity": "sha512-vnDVpYPMzs4wunl27jHrfmwojOGKya0xyM3sH+UE5iv5uPS6vX7UIoh6m+vQc5LGBq52HBKPIn/zcSZVzeDEZg==",
      "dev": true,
      "license": "MIT",
      "dependencies": {
        "undici-types": "~7.16.0"
      }
    },
    "node_modules/easyemitter.ts": {
      "version": "1.2.0",
      "resolved": "https://registry.npmjs.org/easyemitter.ts/-/easyemitter.ts-1.2.0.tgz",
      "integrity": "sha512-sFTKWwEETGrDlbbUVPhIJtK9tGDQyRb2D+6ebs1+a7Jc5k78ob7fnYBV0VqHE+UkRK9t3RGr9LQY376Fl0/Tgw==",
      "license": "MIT"
    },
    "node_modules/libsodium": {
      "version": "0.7.15",
      "resolved": "https://registry.npmjs.org/libsodium/-/libsodium-0.7.15.tgz",
      "integrity": "sha512-sZwRknt/tUpE2AwzHq3jEyUU5uvIZHtSssktXq7owd++3CSgn8RGrv6UZJJBpP7+iBghBqe7Z06/2M31rI2NKw==",
      "license": "ISC"
    },
    "node_modules/libsodium-wrappers": {
      "version": "0.7.15",
      "resolved": "https://registry.npmjs.org/libsodium-wrappers/-/libsodium-wrappers-0.7.15.tgz",
      "integrity": "sha512-E4anqJQwcfiC6+Yrl01C1m8p99wEhLmJSs0VQqST66SbQXXBoaJY0pF4BNjRYa/sOQAxx6lXAaAFIlx+15tXJQ==",
      "license": "ISC",
      "dependencies": {
        "libsodium": "^0.7.15"
      }
    },
    "node_modules/undici-types": {
      "version": "7.16.0",
      "resolved": "https://registry.npmjs.org/undici-types/-/undici-types-7.16.0.tgz",
      "integrity": "sha512-Zz+aZWSj8LE6zoxD+xrjh4VfkIG8Ya6LvYkZqtUQGJPZjYl53ypCaUwWqo7eI0x66KBGeRo+mlBEkMSeSZ38Nw==",
      "dev": true,
      "license": "MIT"
    },
    "node_modules/uuid": {
      "version": "13.0.0",
      "resolved": "https://registry.npmjs.org/uuid/-/uuid-13.0.0.tgz",
      "integrity": "sha512-XQegIaBTVUjSHliKqcnFqYypAd4S+WCYt5NIeRs6w/UAry7z8Y9j5ZwRRL4kzq9U3sD6v+85er9FvkEaBpji2w==",
      "funding": [
        "https://github.com/sponsors/broofa",
        "https://github.com/sponsors/ctavan"
      ],
      "license": "MIT",
      "bin": {
        "uuid": "dist-node/bin/uuid"
      }
    }
  }
}
