{
  "name": "@freesignal/protocol",
  "version": "0.8.1",
  "lockfileVersion": 3,
  "requires": true,
  "packages": {
    "": {
      "name": "@freesignal/protocol",
      "version": "0.8.1",
      "license": "GPL-3.0-or-later",
      "dependencies": {
        "@freesignal/crypto": "^0.4.2",
        "@freesignal/interfaces": "^0.3.0",
        "@freesignal/utils": "^1.5.1",
        "easyemitter.ts": "^1.1.0"
      },
      "devDependencies": {
        "@types/node": "^24.2.1"
      }
    },
    "node_modules/@freesignal/crypto": {
      "version": "0.4.3",
      "resolved": "https://registry.npmjs.org/@freesignal/crypto/-/crypto-0.4.3.tgz",
      "integrity": "sha512-Xq9bUVzaae2w/tCxjGOFgnF41fg0JFGm/x2uqilpfp/OLaFGO95V0fW1iOlCCLIcS6CleFoV+XSzBIuYln/jkA==",
      "license": "GPL-3.0-or-later",
      "dependencies": {
        "@freesignal/interfaces": "^0.3.1",
        "libsodium-wrappers": "^0.7.15",
        "uuid": "^11.1.0"
      }
    },
    "node_modules/@freesignal/interfaces": {
      "version": "0.3.1",
      "resolved": "https://registry.npmjs.org/@freesignal/interfaces/-/interfaces-0.3.1.tgz",
      "integrity": "sha512-RMe2YcEo5V8HZNLXwOv7q1CgcAd9eCg47nWx3h2NdRYjEL9gCO6VTr+5cP5fsNEot6zxH7D8iOGe/bNL/db5qg==",
      "license": "GPL-3.0-or-later"
    },
    "node_modules/@freesignal/utils": {
      "version": "1.5.2",
      "resolved": "https://registry.npmjs.org/@freesignal/utils/-/utils-1.5.2.tgz",
      "integrity": "sha512-sJtU5KBI0JUVxQsXIhg5BiYZPF8FoS+M5+uER1Yed68lsCVVlFFqfwzhZHEuAMwfnRzXy7gmBcV6SbyL1+gyzA==",
      "license": "GPL-3.0-or-later",
      "dependencies": {
        "@msgpack/msgpack": "^3.1.2",
        "libsodium-wrappers": "^0.7.15"
      }
    },
    "node_modules/@msgpack/msgpack": {
      "version": "3.1.2",
      "resolved": "https://registry.npmjs.org/@msgpack/msgpack/-/msgpack-3.1.2.tgz",
      "integrity": "sha512-JEW4DEtBzfe8HvUYecLU9e6+XJnKDlUAIve8FvPzF3Kzs6Xo/KuZkZJsDH0wJXl/qEZbeeE7edxDNY3kMs39hQ==",
      "license": "ISC",
      "engines": {
        "node": ">= 18"
      }
    },
    "node_modules/@types/node": {
      "version": "24.10.4",
      "resolved": "https://registry.npmjs.org/@types/node/-/node-24.10.4.tgz",
      "integrity": "sha512-vnDVpYPMzs4wunl27jHrfmwojOGKya0xyM3sH+UE5iv5uPS6vX7UIoh6m+vQc5LGBq52HBKPIn/zcSZVzeDEZg==",
      "dev": true,
      "license": "MIT",
      "dependencies": {
        "undici-types": "~7.16.0"
      }
    },
    "node_modules/easyemitter.ts": {
      "version": "1.1.0",
      "resolved": "https://registry.npmjs.org/easyemitter.ts/-/easyemitter.ts-1.1.0.tgz",
      "integrity": "sha512-twPC2PxwgC+SSd+GyOk2VlQw7gTbrTKxLiNgyxgWcw6zeayiL3a4iQfcpYx0J8ThfPNpFsSBo/rjT0KNPvu5HA==",
      "license": "MIT"
    },
    "node_modules/libsodium": {
      "version": "0.7.15",
      "resolved": "https://registry.npmjs.org/libsodium/-/libsodium-0.7.15.tgz",
      "integrity": "sha512-sZwRknt/tUpE2AwzHq3jEyUU5uvIZHtSssktXq7owd++3CSgn8RGrv6UZJJBpP7+iBghBqe7Z06/2M31rI2NKw==",
      "license": "ISC"
    },
    "node_modules/libsodium-wrappers": {
      "version": "0.7.15",
      "resolved": "https://registry.npmjs.org/libsodium-wrappers/-/libsodium-wrappers-0.7.15.tgz",
      "integrity": "sha512-E4anqJQwcfiC6+Yrl01C1m8p99wEhLmJSs0VQqST66SbQXXBoaJY0pF4BNjRYa/sOQAxx6lXAaAFIlx+15tXJQ==",
      "license": "ISC",
      "dependencies": {
        "libsodium": "^0.7.15"
      }
    },
    "node_modules/undici-types": {
      "version": "7.16.0",
      "resolved": "https://registry.npmjs.org/undici-types/-/undici-types-7.16.0.tgz",
      "integrity": "sha512-Zz+aZWSj8LE6zoxD+xrjh4VfkIG8Ya6LvYkZqtUQGJPZjYl53ypCaUwWqo7eI0x66KBGeRo+mlBEkMSeSZ38Nw==",
      "dev": true,
      "license": "MIT"
    },
    "node_modules/uuid": {
      "version": "11.1.0",
      "resolved": "https://registry.npmjs.org/uuid/-/uuid-11.1.0.tgz",
      "integrity": "sha512-0/A9rDy9P7cJ+8w1c9WD9V//9Wj15Ce2MPz8Ri6032usz+NfePxx5AcN3bN+r6ZL6jEo066/yNYB3tn4pQEx+A==",
      "funding": [
        "https://github.com/sponsors/broofa",
        "https://github.com/sponsors/ctavan"
      ],
      "license": "MIT",
      "bin": {
        "uuid": "dist/esm/bin/uuid"
      }
    }
  }
}
