{
  "name": "@freesignal/protocol",
  "version": "0.7.6",
  "lockfileVersion": 3,
  "requires": true,
  "packages": {
    "": {
      "name": "@freesignal/protocol",
      "version": "0.7.6",
      "license": "GPL-3.0-or-later",
      "dependencies": {
        "@freesignal/crypto": "^0.3.0",
        "@freesignal/interfaces": "^0.2.0",
        "@freesignal/utils": "^1.4.1",
        "easyemitter.ts": "^1.0.3"
      },
      "devDependencies": {
        "@types/node": "^24.2.1"
      }
    },
    "node_modules/@freesignal/crypto": {
      "version": "0.3.0",
      "resolved": "https://registry.npmjs.org/@freesignal/crypto/-/crypto-0.3.0.tgz",
      "integrity": "sha512-9H2xzmxyB+pgmLB1GVw+JlneK2iwiaEAaJKxo2AiMtwVv+J50OwE1reIyFVLZq5TrBTxf/VjlufZSWVGxrM1Ug==",
      "license": "GPL-3.0-or-later",
      "dependencies": {
        "@freesignal/interfaces": "^0.1.1",
        "js-sha3": "^0.9.3",
        "tweetnacl": "^1.0.3",
        "uuid": "^11.1.0"
      }
    },
    "node_modules/@freesignal/crypto/node_modules/@freesignal/interfaces": {
      "version": "0.1.12",
      "resolved": "https://registry.npmjs.org/@freesignal/interfaces/-/interfaces-0.1.12.tgz",
      "integrity": "sha512-DbqjPlIppuADcpyZGCkqI70UguKdeqI/Ml9I/ffSrD2XQsQJ1sMRGVypcofZ5M91FnG9ycrgrpOUFI5n0uaOvA==",
      "license": "GPL-3.0-or-later"
    },
    "node_modules/@freesignal/interfaces": {
      "version": "0.2.4",
      "resolved": "https://registry.npmjs.org/@freesignal/interfaces/-/interfaces-0.2.4.tgz",
      "integrity": "sha512-QnhTg7SFP/0RCOy1CW2V1efw3xp6BRRJfjmgSEOVGrI3ZcvKJrY1lIIEGRDeTIu4K6GPy8m1S+hnF7pQnN5ZeQ==",
      "license": "GPL-3.0-or-later"
    },
    "node_modules/@freesignal/utils": {
      "version": "1.4.2",
      "resolved": "https://registry.npmjs.org/@freesignal/utils/-/utils-1.4.2.tgz",
      "integrity": "sha512-dGpWJkcDVBUG/QGHSAhn832ZUPEVw0V7wYFCLj5+a6YEL9HQCC5bx63/ruaarK1tFNiINGD3G0I/WcZOipOQiw==",
      "license": "GPL-3.0-or-later",
      "dependencies": {
        "base64-js": "^1.5.1",
        "tweetnacl": "^1.0.3"
      }
    },
    "node_modules/@types/node": {
      "version": "24.10.3",
      "resolved": "https://registry.npmjs.org/@types/node/-/node-24.10.3.tgz",
      "integrity": "sha512-gqkrWUsS8hcm0r44yn7/xZeV1ERva/nLgrLxFRUGb7aoNMIJfZJ3AC261zDQuOAKC7MiXai1WCpYc48jAHoShQ==",
      "dev": true,
      "license": "MIT",
      "dependencies": {
        "undici-types": "~7.16.0"
      }
    },
    "node_modules/base64-js": {
      "version": "1.5.1",
      "resolved": "https://registry.npmjs.org/base64-js/-/base64-js-1.5.1.tgz",
      "integrity": "sha512-AKpaYlHn8t4SVbOHCy+b5+KKgvR4vrsD8vbvrbiQJps7fKDTkjkDry6ji0rUJjC0kzbNePLwzxq8iypo41qeWA==",
      "funding": [
        {
          "type": "github",
          "url": "https://github.com/sponsors/feross"
        },
        {
          "type": "patreon",
          "url": "https://www.patreon.com/feross"
        },
        {
          "type": "consulting",
          "url": "https://feross.org/support"
        }
      ],
      "license": "MIT"
    },
    "node_modules/easyemitter.ts": {
      "version": "1.1.0",
      "resolved": "https://registry.npmjs.org/easyemitter.ts/-/easyemitter.ts-1.1.0.tgz",
      "integrity": "sha512-twPC2PxwgC+SSd+GyOk2VlQw7gTbrTKxLiNgyxgWcw6zeayiL3a4iQfcpYx0J8ThfPNpFsSBo/rjT0KNPvu5HA==",
      "license": "MIT"
    },
    "node_modules/js-sha3": {
      "version": "0.9.3",
      "resolved": "https://registry.npmjs.org/js-sha3/-/js-sha3-0.9.3.tgz",
      "integrity": "sha512-BcJPCQeLg6WjEx3FE591wVAevlli8lxsxm9/FzV4HXkV49TmBH38Yvrpce6fjbADGMKFrBMGTqrVz3qPIZ88Gg==",
      "license": "MIT"
    },
    "node_modules/tweetnacl": {
      "version": "1.0.3",
      "resolved": "https://registry.npmjs.org/tweetnacl/-/tweetnacl-1.0.3.tgz",
      "integrity": "sha512-6rt+RN7aOi1nGMyC4Xa5DdYiukl2UWCbcJft7YhxReBGQD7OAM8Pbxw6YMo4r2diNEA8FEmu32YOn9rhaiE5yw==",
      "license": "Unlicense"
    },
    "node_modules/undici-types": {
      "version": "7.16.0",
      "resolved": "https://registry.npmjs.org/undici-types/-/undici-types-7.16.0.tgz",
      "integrity": "sha512-Zz+aZWSj8LE6zoxD+xrjh4VfkIG8Ya6LvYkZqtUQGJPZjYl53ypCaUwWqo7eI0x66KBGeRo+mlBEkMSeSZ38Nw==",
      "dev": true,
      "license": "MIT"
    },
    "node_modules/uuid": {
      "version": "11.1.0",
      "resolved": "https://registry.npmjs.org/uuid/-/uuid-11.1.0.tgz",
      "integrity": "sha512-0/A9rDy9P7cJ+8w1c9WD9V//9Wj15Ce2MPz8Ri6032usz+NfePxx5AcN3bN+r6ZL6jEo066/yNYB3tn4pQEx+A==",
      "funding": [
        "https://github.com/sponsors/broofa",
        "https://github.com/sponsors/ctavan"
      ],
      "license": "MIT",
      "bin": {
        "uuid": "dist/esm/bin/uuid"
      }
    }
  }
}
